
Microsoft Visual Studio Solution File, Format Version 12.00
# Visual Studio Version 17
VisualStudioVersion = 17.3.32922.545
MinimumVisualStudioVersion = 10.0.40219.1
Project("{9A19103F-16F7-4668-BE54-9A1E7A4F7556}") = "TVMazeIntegration", "TVMazeIntegration\TVMazeIntegration.csproj", "{E6C4BC7E-0223-404E-B206-6FFB3F39B4DE}"
EndProject
Global
	GlobalSection(SolutionConfigurationPlatforms) = preSolution
		Debug|Any CPU = Debug|Any CPU
		Release|Any CPU = Release|Any CPU
	EndGlobalSection
	GlobalSection(ProjectConfigurationPlatforms) = postSolution
		{E6C4BC7E-0223-404E-B206-6FFB3F39B4DE}.Debug|Any CPU.ActiveCfg = Debug|Any CPU
		{E6C4BC7E-0223-404E-B206-6FFB3F39B4DE}.Debug|Any CPU.Build.0 = Debug|Any CPU
		{E6C4BC7E-0223-404E-B206-6FFB3F39B4DE}.Release|Any CPU.ActiveCfg = Release|Any CPU
		{E6C4BC7E-0223-404E-B206-6FFB3F39B4DE}.Release|Any CPU.Build.0 = Release|Any CPU
	EndGlobalSection
	GlobalSection(SolutionProperties) = preSolution
		HideSolutionNode = FALSE
	EndGlobalSection
	GlobalSection(ExtensibilityGlobals) = postSolution
		SolutionGuid = {489741DC-2D14-444D-A116-B681F2E16484}
	EndGlobalSection
EndGlobal
